
Microsoft Visual Studio Solution File, Format Version 12.00
# Visual Studio Version 16
VisualStudioVersion = 16.0.30204.135
MinimumVisualStudioVersion = 10.0.40219.1
Project("{FAE04EC0-301F-11D3-BF4B-00C04F79EFBC}") = "FirstProject", "FirstProject\FirstProject.csproj", "{B7DAA7A9-CD92-426B-BC59-9F2E431F3BDD}"
EndProject
Project("{FAE04EC0-301F-11D3-BF4B-00C04F79EFBC}") = "SecondProject", "SecondProject\SecondProject.csproj", "{D9494033-5CC2-47E4-9157-575E093D438C}"
EndProject
Global
	GlobalSection(SolutionConfigurationPlatforms) = preSolution
		Debug|Any CPU = Debug|Any CPU
		Release|Any CPU = Release|Any CPU
	EndGlobalSection
	GlobalSection(ProjectConfigurationPlatforms) = postSolution
		{B7DAA7A9-CD92-426B-BC59-9F2E431F3BDD}.Debug|Any CPU.ActiveCfg = Debug|Any CPU
		{B7DAA7A9-CD92-426B-BC59-9F2E431F3BDD}.Debug|Any CPU.Build.0 = Debug|Any CPU
		{B7DAA7A9-CD92-426B-BC59-9F2E431F3BDD}.Release|Any CPU.ActiveCfg = Release|Any CPU
		{B7DAA7A9-CD92-426B-BC59-9F2E431F3BDD}.Release|Any CPU.Build.0 = Release|Any CPU
		{D9494033-5CC2-47E4-9157-575E093D438C}.Debug|Any CPU.ActiveCfg = Debug|Any CPU
		{D9494033-5CC2-47E4-9157-575E093D438C}.Debug|Any CPU.Build.0 = Debug|Any CPU
		{D9494033-5CC2-47E4-9157-575E093D438C}.Release|Any CPU.ActiveCfg = Release|Any CPU
		{D9494033-5CC2-47E4-9157-575E093D438C}.Release|Any CPU.Build.0 = Release|Any CPU
	EndGlobalSection
	GlobalSection(SolutionProperties) = preSolution
		HideSolutionNode = FALSE
	EndGlobalSection
	GlobalSection(ExtensibilityGlobals) = postSolution
		SolutionGuid = {C81C863B-401F-400C-A740-D3B77DCDC349}
	EndGlobalSection
EndGlobal
